
Microsoft Visual Studio Solution File, Format Version 12.00
# Visual Studio Version 17
VisualStudioVersion = 17.14.36203.30
MinimumVisualStudioVersion = 10.0.40219.1
Project("{FAE04EC0-301F-11D3-BF4B-00C04F79EFBC}") = "Check_Overstocked", "Check_Overstocked\Check_Overstocked.csproj", "{A8A29D84-495F-4A18-838E-39A47F928E0D}"
EndProject
Global
	GlobalSection(SolutionConfigurationPlatforms) = preSolution
		Debug|Any CPU = Debug|Any CPU
		Release|Any CPU = Release|Any CPU
	EndGlobalSection
	GlobalSection(ProjectConfigurationPlatforms) = postSolution
		{A8A29D84-495F-4A18-838E-39A47F928E0D}.Debug|Any CPU.ActiveCfg = Debug|Any CPU
		{A8A29D84-495F-4A18-838E-39A47F928E0D}.Debug|Any CPU.Build.0 = Debug|Any CPU
		{A8A29D84-495F-4A18-838E-39A47F928E0D}.Release|Any CPU.ActiveCfg = Release|Any CPU
		{A8A29D84-495F-4A18-838E-39A47F928E0D}.Release|Any CPU.Build.0 = Release|Any CPU
	EndGlobalSection
	GlobalSection(SolutionProperties) = preSolution
		HideSolutionNode = FALSE
	EndGlobalSection
	GlobalSection(ExtensibilityGlobals) = postSolution
		SolutionGuid = {8BA698A6-E9DA-4627-AF87-0AB2DCCFF8A9}
	EndGlobalSection
EndGlobal
