
Microsoft Visual Studio Solution File, Format Version 12.00
# Visual Studio Version 17
VisualStudioVersion = 17.14.36203.30
MinimumVisualStudioVersion = 10.0.40219.1
Project("{FAE04EC0-301F-11D3-BF4B-00C04F79EFBC}") = "Check_Overstocked", "Check_Overstocked\Check_Overstocked.csproj", "{A8A29D84-495F-4A18-838E-39A47F928E0D}"
EndProject
Project("{FAE04EC0-301F-11D3-BF4B-00C04F79EFBC}") = "Populate_Required_Date", "Populate_Required_Date\Populate_Required_Date.csproj", "{F2E33533-595D-4D4B-9B1B-6B0A5C180F77}"
EndProject
Project("{FAE04EC0-301F-11D3-BF4B-00C04F79EFBC}") = "Unapproved_Order_No_Price", "Unapproved_Order_No_Price\Unapproved_Order_No_Price.csproj", "{56A4D3C5-C315-4965-85CD-63D5676628E9}"
EndProject
Global
	GlobalSection(SolutionConfigurationPlatforms) = preSolution
		Debug|Any CPU = Debug|Any CPU
		Release|Any CPU = Release|Any CPU
	EndGlobalSection
	GlobalSection(ProjectConfigurationPlatforms) = postSolution
		{A8A29D84-495F-4A18-838E-39A47F928E0D}.Debug|Any CPU.ActiveCfg = Debug|Any CPU
		{A8A29D84-495F-4A18-838E-39A47F928E0D}.Debug|Any CPU.Build.0 = Debug|Any CPU
		{A8A29D84-495F-4A18-838E-39A47F928E0D}.Release|Any CPU.ActiveCfg = Release|Any CPU
		{A8A29D84-495F-4A18-838E-39A47F928E0D}.Release|Any CPU.Build.0 = Release|Any CPU
		{F2E33533-595D-4D4B-9B1B-6B0A5C180F77}.Debug|Any CPU.ActiveCfg = Debug|Any CPU
		{F2E33533-595D-4D4B-9B1B-6B0A5C180F77}.Debug|Any CPU.Build.0 = Debug|Any CPU
		{F2E33533-595D-4D4B-9B1B-6B0A5C180F77}.Release|Any CPU.ActiveCfg = Release|Any CPU
		{F2E33533-595D-4D4B-9B1B-6B0A5C180F77}.Release|Any CPU.Build.0 = Release|Any CPU
		{56A4D3C5-C315-4965-85CD-63D5676628E9}.Debug|Any CPU.ActiveCfg = Debug|Any CPU
		{56A4D3C5-C315-4965-85CD-63D5676628E9}.Debug|Any CPU.Build.0 = Debug|Any CPU
		{56A4D3C5-C315-4965-85CD-63D5676628E9}.Release|Any CPU.ActiveCfg = Release|Any CPU
		{56A4D3C5-C315-4965-85CD-63D5676628E9}.Release|Any CPU.Build.0 = Release|Any CPU
	EndGlobalSection
	GlobalSection(SolutionProperties) = preSolution
		HideSolutionNode = FALSE
	EndGlobalSection
	GlobalSection(ExtensibilityGlobals) = postSolution
		SolutionGuid = {8BA698A6-E9DA-4627-AF87-0AB2DCCFF8A9}
	EndGlobalSection
EndGlobal
